
Microsoft Visual Studio Solution File, Format Version 12.00
# Visual Studio Version 16
VisualStudioVersion = 16.0.33214.272
MinimumVisualStudioVersion = 10.0.40219.1
Project("{FAE04EC0-301F-11D3-BF4B-00C04F79EFBC}") = "GitFun", "GitFun\GitFun.csproj", "{3B08C42F-14F1-47D5-9EF0-2BF869EFB358}"
EndProject
Global
	GlobalSection(SolutionConfigurationPlatforms) = preSolution
		Debug|Any CPU = Debug|Any CPU
		Release|Any CPU = Release|Any CPU
	EndGlobalSection
	GlobalSection(ProjectConfigurationPlatforms) = postSolution
		{3B08C42F-14F1-47D5-9EF0-2BF869EFB358}.Debug|Any CPU.ActiveCfg = Debug|Any CPU
		{3B08C42F-14F1-47D5-9EF0-2BF869EFB358}.Debug|Any CPU.Build.0 = Debug|Any CPU
		{3B08C42F-14F1-47D5-9EF0-2BF869EFB358}.Release|Any CPU.ActiveCfg = Release|Any CPU
		{3B08C42F-14F1-47D5-9EF0-2BF869EFB358}.Release|Any CPU.Build.0 = Release|Any CPU
	EndGlobalSection
	GlobalSection(SolutionProperties) = preSolution
		HideSolutionNode = FALSE
	EndGlobalSection
	GlobalSection(ExtensibilityGlobals) = postSolution
		SolutionGuid = {5554C12F-AE75-410A-8B1E-695CF8474847}
	EndGlobalSection
EndGlobal
